// !$*UTF8*$!
{
	archiveVersion = 1;
	classes = {
	};
	objectVersion = 50;
	objects = {

/* Begin PBXBuildFile section */
		65C97C182608C18900683AB9 /* AppDelegate.swift in Sources */ = {isa = PBXBuildFile; fileRef = 65C97C172608C18900683AB9 /* AppDelegate.swift */; };
		65C97C1A2608C18900683AB9 /* ViewController.swift in Sources */ = {isa = PBXBuildFile; fileRef = 65C97C192608C18900683AB9 /* ViewController.swift */; };
		65C97C1C2608C18900683AB9 /* Assets.xcassets in Resources */ = {isa = PBXBuildFile; fileRef = 65C97C1B2608C18900683AB9 /* Assets.xcassets */; };
		65C97C1F2608C18900683AB9 /* Main.storyboard in Resources */ = {isa = PBXBuildFile; fileRef = 65C97C1D2608C18900683AB9 /* Main.storyboard */; };
		65C97C2B2608C18900683AB9 /* Swift54TypeCheckingRegressionTestTests.swift in Sources */ = {isa = PBXBuildFile; fileRef = 65C97C2A2608C18900683AB9 /* Swift54TypeCheckingRegressionTestTests.swift */; };
		65C97C362608C18A00683AB9 /* Swift54TypeCheckingRegressionTestUITests.swift in Sources */ = {isa = PBXBuildFile; fileRef = 65C97C352608C18A00683AB9 /* Swift54TypeCheckingRegressionTestUITests.swift */; };
/* End PBXBuildFile section */

/* Begin PBXContainerItemProxy section */
		65C97C272608C18900683AB9 /* PBXContainerItemProxy */ = {
			isa = PBXContainerItemProxy;
			containerPortal = 65C97C0C2608C18900683AB9 /* Project object */;
			proxyType = 1;
			remoteGlobalIDString = 65C97C132608C18900683AB9;
			remoteInfo = Swift54TypeCheckingRegressionTest;
		};
		65C97C322608C18A00683AB9 /* PBXContainerItemProxy */ = {
			isa = PBXContainerItemProxy;
			containerPortal = 65C97C0C2608C18900683AB9 /* Project object */;
			proxyType = 1;
			remoteGlobalIDString = 65C97C132608C18900683AB9;
			remoteInfo = Swift54TypeCheckingRegressionTest;
		};
/* End PBXContainerItemProxy section */

/* Begin PBXFileReference section */
		65C97C142608C18900683AB9 /* Swift54TypeCheckingRegressionTest.app */ = {isa = PBXFileReference; explicitFileType = wrapper.application; includeInIndex = 0; path = Swift54TypeCheckingRegressionTest.app; sourceTree = BUILT_PRODUCTS_DIR; };
		65C97C172608C18900683AB9 /* AppDelegate.swift */ = {isa = PBXFileReference; lastKnownFileType = sourcecode.swift; path = AppDelegate.swift; sourceTree = "<group>"; };
		65C97C192608C18900683AB9 /* ViewController.swift */ = {isa = PBXFileReference; lastKnownFileType = sourcecode.swift; path = ViewController.swift; sourceTree = "<group>"; };
		65C97C1B2608C18900683AB9 /* Assets.xcassets */ = {isa = PBXFileReference; lastKnownFileType = folder.assetcatalog; path = Assets.xcassets; sourceTree = "<group>"; };
		65C97C1E2608C18900683AB9 /* Base */ = {isa = PBXFileReference; lastKnownFileType = file.storyboard; name = Base; path = Base.lproj/Main.storyboard; sourceTree = "<group>"; };
		65C97C202608C18900683AB9 /* Info.plist */ = {isa = PBXFileReference; lastKnownFileType = text.plist.xml; path = Info.plist; sourceTree = "<group>"; };
		65C97C212608C18900683AB9 /* Swift54TypeCheckingRegressionTest.entitlements */ = {isa = PBXFileReference; lastKnownFileType = text.plist.entitlements; path = Swift54TypeCheckingRegressionTest.entitlements; sourceTree = "<group>"; };
		65C97C262608C18900683AB9 /* Swift54TypeCheckingRegressionTestTests.xctest */ = {isa = PBXFileReference; explicitFileType = wrapper.cfbundle; includeInIndex = 0; path = Swift54TypeCheckingRegressionTestTests.xctest; sourceTree = BUILT_PRODUCTS_DIR; };
		65C97C2A2608C18900683AB9 /* Swift54TypeCheckingRegressionTestTests.swift */ = {isa = PBXFileReference; lastKnownFileType = sourcecode.swift; path = Swift54TypeCheckingRegressionTestTests.swift; sourceTree = "<group>"; };
		65C97C2C2608C18900683AB9 /* Info.plist */ = {isa = PBXFileReference; lastKnownFileType = text.plist.xml; path = Info.plist; sourceTree = "<group>"; };
		65C97C312608C18A00683AB9 /* Swift54TypeCheckingRegressionTestUITests.xctest */ = {isa = PBXFileReference; explicitFileType = wrapper.cfbundle; includeInIndex = 0; path = Swift54TypeCheckingRegressionTestUITests.xctest; sourceTree = BUILT_PRODUCTS_DIR; };
		65C97C352608C18A00683AB9 /* Swift54TypeCheckingRegressionTestUITests.swift */ = {isa = PBXFileReference; lastKnownFileType = sourcecode.swift; path = Swift54TypeCheckingRegressionTestUITests.swift; sourceTree = "<group>"; };
		65C97C372608C18A00683AB9 /* Info.plist */ = {isa = PBXFileReference; lastKnownFileType = text.plist.xml; path = Info.plist; sourceTree = "<group>"; };
/* End PBXFileReference section */

/* Begin PBXFrameworksBuildPhase section */
		65C97C112608C18900683AB9 /* Frameworks */ = {
			isa = PBXFrameworksBuildPhase;
			buildActionMask = 2147483647;
			files = (
			);
			runOnlyForDeploymentPostprocessing = 0;
		};
		65C97C232608C18900683AB9 /* Frameworks */ = {
			isa = PBXFrameworksBuildPhase;
			buildActionMask = 2147483647;
			files = (
			);
			runOnlyForDeploymentPostprocessing = 0;
		};
		65C97C2E2608C18A00683AB9 /* Frameworks */ = {
			isa = PBXFrameworksBuildPhase;
			buildActionMask = 2147483647;
			files = (
			);
			runOnlyForDeploymentPostprocessing = 0;
		};
/* End PBXFrameworksBuildPhase section */

/* Begin PBXGroup section */
		65C97C0B2608C18900683AB9 = {
			isa = PBXGroup;
			children = (
				65C97C162608C18900683AB9 /* Swift54TypeCheckingRegressionTest */,
				65C97C292608C18900683AB9 /* Swift54TypeCheckingRegressionTestTests */,
				65C97C342608C18A00683AB9 /* Swift54TypeCheckingRegressionTestUITests */,
				65C97C152608C18900683AB9 /* Products */,
			);
			sourceTree = "<group>";
		};
		65C97C152608C18900683AB9 /* Products */ = {
			isa = PBXGroup;
			children = (
				65C97C142608C18900683AB9 /* Swift54TypeCheckingRegressionTest.app */,
				65C97C262608C18900683AB9 /* Swift54TypeCheckingRegressionTestTests.xctest */,
				65C97C312608C18A00683AB9 /* Swift54TypeCheckingRegressionTestUITests.xctest */,
			);
			name = Products;
			sourceTree = "<group>";
		};
		65C97C162608C18900683AB9 /* Swift54TypeCheckingRegressionTest */ = {
			isa = PBXGroup;
			children = (
				65C97C172608C18900683AB9 /* AppDelegate.swift */,
				65C97C192608C18900683AB9 /* ViewController.swift */,
				65C97C1B2608C18900683AB9 /* Assets.xcassets */,
				65C97C1D2608C18900683AB9 /* Main.storyboard */,
				65C97C202608C18900683AB9 /* Info.plist */,
				65C97C212608C18900683AB9 /* Swift54TypeCheckingRegressionTest.entitlements */,
			);
			path = Swift54TypeCheckingRegressionTest;
			sourceTree = "<group>";
		};
		65C97C292608C18900683AB9 /* Swift54TypeCheckingRegressionTestTests */ = {
			isa = PBXGroup;
			children = (
				65C97C2A2608C18900683AB9 /* Swift54TypeCheckingRegressionTestTests.swift */,
				65C97C2C2608C18900683AB9 /* Info.plist */,
			);
			path = Swift54TypeCheckingRegressionTestTests;
			sourceTree = "<group>";
		};
		65C97C342608C18A00683AB9 /* Swift54TypeCheckingRegressionTestUITests */ = {
			isa = PBXGroup;
			children = (
				65C97C352608C18A00683AB9 /* Swift54TypeCheckingRegressionTestUITests.swift */,
				65C97C372608C18A00683AB9 /* Info.plist */,
			);
			path = Swift54TypeCheckingRegressionTestUITests;
			sourceTree = "<group>";
		};
/* End PBXGroup section */

/* Begin PBXNativeTarget section */
		65C97C132608C18900683AB9 /* Swift54TypeCheckingRegressionTest */ = {
			isa = PBXNativeTarget;
			buildConfigurationList = 65C97C3A2608C18A00683AB9 /* Build configuration list for PBXNativeTarget "Swift54TypeCheckingRegressionTest" */;
			buildPhases = (
				65C97C102608C18900683AB9 /* Sources */,
				65C97C112608C18900683AB9 /* Frameworks */,
				65C97C122608C18900683AB9 /* Resources */,
			);
			buildRules = (
			);
			dependencies = (
			);
			name = Swift54TypeCheckingRegressionTest;
			productName = Swift54TypeCheckingRegressionTest;
			productReference = 65C97C142608C18900683AB9 /* Swift54TypeCheckingRegressionTest.app */;
			productType = "com.apple.product-type.application";
		};
		65C97C252608C18900683AB9 /* Swift54TypeCheckingRegressionTestTests */ = {
			isa = PBXNativeTarget;
			buildConfigurationList = 65C97C3D2608C18A00683AB9 /* Build configuration list for PBXNativeTarget "Swift54TypeCheckingRegressionTestTests" */;
			buildPhases = (
				65C97C222608C18900683AB9 /* Sources */,
				65C97C232608C18900683AB9 /* Frameworks */,
				65C97C242608C18900683AB9 /* Resources */,
			);
			buildRules = (
			);
			dependencies = (
				65C97C282608C18900683AB9 /* PBXTargetDependency */,
			);
			name = Swift54TypeCheckingRegressionTestTests;
			productName = Swift54TypeCheckingRegressionTestTests;
			productReference = 65C97C262608C18900683AB9 /* Swift54TypeCheckingRegressionTestTests.xctest */;
			productType = "com.apple.product-type.bundle.unit-test";
		};
		65C97C302608C18A00683AB9 /* Swift54TypeCheckingRegressionTestUITests */ = {
			isa = PBXNativeTarget;
			buildConfigurationList = 65C97C402608C18A00683AB9 /* Build configuration list for PBXNativeTarget "Swift54TypeCheckingRegressionTestUITests" */;
			buildPhases = (
				65C97C2D2608C18A00683AB9 /* Sources */,
				65C97C2E2608C18A00683AB9 /* Frameworks */,
				65C97C2F2608C18A00683AB9 /* Resources */,
			);
			buildRules = (
			);
			dependencies = (
				65C97C332608C18A00683AB9 /* PBXTargetDependency */,
			);
			name = Swift54TypeCheckingRegressionTestUITests;
			productName = Swift54TypeCheckingRegressionTestUITests;
			productReference = 65C97C312608C18A00683AB9 /* Swift54TypeCheckingRegressionTestUITests.xctest */;
			productType = "com.apple.product-type.bundle.ui-testing";
		};
/* End PBXNativeTarget section */

/* Begin PBXProject section */
		65C97C0C2608C18900683AB9 /* Project object */ = {
			isa = PBXProject;
			attributes = {
				LastSwiftUpdateCheck = 1240;
				LastUpgradeCheck = 1240;
				TargetAttributes = {
					65C97C132608C18900683AB9 = {
						CreatedOnToolsVersion = 12.4;
					};
					65C97C252608C18900683AB9 = {
						CreatedOnToolsVersion = 12.4;
						TestTargetID = 65C97C132608C18900683AB9;
					};
					65C97C302608C18A00683AB9 = {
						CreatedOnToolsVersion = 12.4;
						TestTargetID = 65C97C132608C18900683AB9;
					};
				};
			};
			buildConfigurationList = 65C97C0F2608C18900683AB9 /* Build configuration list for PBXProject "Swift54TypeCheckingRegressionTest" */;
			compatibilityVersion = "Xcode 9.3";
			developmentRegion = en;
			hasScannedForEncodings = 0;
			knownRegions = (
				en,
				Base,
			);
			mainGroup = 65C97C0B2608C18900683AB9;
			productRefGroup = 65C97C152608C18900683AB9 /* Products */;
			projectDirPath = "";
			projectRoot = "";
			targets = (
				65C97C132608C18900683AB9 /* Swift54TypeCheckingRegressionTest */,
				65C97C252608C18900683AB9 /* Swift54TypeCheckingRegressionTestTests */,
				65C97C302608C18A00683AB9 /* Swift54TypeCheckingRegressionTestUITests */,
			);
		};
/* End PBXProject section */

/* Begin PBXResourcesBuildPhase section */
		65C97C122608C18900683AB9 /* Resources */ = {
			isa = PBXResourcesBuildPhase;
			buildActionMask = 2147483647;
			files = (
				65C97C1C2608C18900683AB9 /* Assets.xcassets in Resources */,
				65C97C1F2608C18900683AB9 /* Main.storyboard in Resources */,
			);
			runOnlyForDeploymentPostprocessing = 0;
		};
		65C97C242608C18900683AB9 /* Resources */ = {
			isa = PBXResourcesBuildPhase;
			buildActionMask = 2147483647;
			files = (
			);
			runOnlyForDeploymentPostprocessing = 0;
		};
		65C97C2F2608C18A00683AB9 /* Resources */ = {
			isa = PBXResourcesBuildPhase;
			buildActionMask = 2147483647;
			files = (
			);
			runOnlyForDeploymentPostprocessing = 0;
		};
/* End PBXResourcesBuildPhase section */

/* Begin PBXSourcesBuildPhase section */
		65C97C102608C18900683AB9 /* Sources */ = {
			isa = PBXSourcesBuildPhase;
			buildActionMask = 2147483647;
			files = (
				65C97C1A2608C18900683AB9 /* ViewController.swift in Sources */,
				65C97C182608C18900683AB9 /* AppDelegate.swift in Sources */,
			);
			runOnlyForDeploymentPostprocessing = 0;
		};
		65C97C222608C18900683AB9 /* Sources */ = {
			isa = PBXSourcesBuildPhase;
			buildActionMask = 2147483647;
			files = (
				65C97C2B2608C18900683AB9 /* Swift54TypeCheckingRegressionTestTests.swift in Sources */,
			);
			runOnlyForDeploymentPostprocessing = 0;
		};
		65C97C2D2608C18A00683AB9 /* Sources */ = {
			isa = PBXSourcesBuildPhase;
			buildActionMask = 2147483647;
			files = (
				65C97C362608C18A00683AB9 /* Swift54TypeCheckingRegressionTestUITests.swift in Sources */,
			);
			runOnlyForDeploymentPostprocessing = 0;
		};
/* End PBXSourcesBuildPhase section */

/* Begin PBXTargetDependency section */
		65C97C282608C18900683AB9 /* PBXTargetDependency */ = {
			isa = PBXTargetDependency;
			target = 65C97C132608C18900683AB9 /* Swift54TypeCheckingRegressionTest */;
			targetProxy = 65C97C272608C18900683AB9 /* PBXContainerItemProxy */;
		};
		65C97C332608C18A00683AB9 /* PBXTargetDependency */ = {
			isa = PBXTargetDependency;
			target = 65C97C132608C18900683AB9 /* Swift54TypeCheckingRegressionTest */;
			targetProxy = 65C97C322608C18A00683AB9 /* PBXContainerItemProxy */;
		};
/* End PBXTargetDependency section */

/* Begin PBXVariantGroup section */
		65C97C1D2608C18900683AB9 /* Main.storyboard */ = {
			isa = PBXVariantGroup;
			children = (
				65C97C1E2608C18900683AB9 /* Base */,
			);
			name = Main.storyboard;
			sourceTree = "<group>";
		};
/* End PBXVariantGroup section */

/* Begin XCBuildConfiguration section */
		65C97C382608C18A00683AB9 /* Debug */ = {
			isa = XCBuildConfiguration;
			buildSettings = {
				ALWAYS_SEARCH_USER_PATHS = NO;
				CLANG_ANALYZER_NONNULL = YES;
				CLANG_ANALYZER_NUMBER_OBJECT_CONVERSION = YES_AGGRESSIVE;
				CLANG_CXX_LANGUAGE_STANDARD = "gnu++14";
				CLANG_CXX_LIBRARY = "libc++";
				CLANG_ENABLE_MODULES = YES;
				CLANG_ENABLE_OBJC_ARC = YES;
				CLANG_ENABLE_OBJC_WEAK = YES;
				CLANG_WARN_BLOCK_CAPTURE_AUTORELEASING = YES;
				CLANG_WARN_BOOL_CONVERSION = YES;
				CLANG_WARN_COMMA = YES;
				CLANG_WARN_CONSTANT_CONVERSION = YES;
				CLANG_WARN_DEPRECATED_OBJC_IMPLEMENTATIONS = YES;
				CLANG_WARN_DIRECT_OBJC_ISA_USAGE = YES_ERROR;
				CLANG_WARN_DOCUMENTATION_COMMENTS = YES;
				CLANG_WARN_EMPTY_BODY = YES;
				CLANG_WARN_ENUM_CONVERSION = YES;
				CLANG_WARN_INFINITE_RECURSION = YES;
				CLANG_WARN_INT_CONVERSION = YES;
				CLANG_WARN_NON_LITERAL_NULL_CONVERSION = YES;
				CLANG_WARN_OBJC_IMPLICIT_RETAIN_SELF = YES;
				CLANG_WARN_OBJC_LITERAL_CONVERSION = YES;
				CLANG_WARN_OBJC_ROOT_CLASS = YES_ERROR;
				CLANG_WARN_QUOTED_INCLUDE_IN_FRAMEWORK_HEADER = YES;
				CLANG_WARN_RANGE_LOOP_ANALYSIS = YES;
				CLANG_WARN_STRICT_PROTOTYPES = YES;
				CLANG_WARN_SUSPICIOUS_MOVE = YES;
				CLANG_WARN_UNGUARDED_AVAILABILITY = YES_AGGRESSIVE;
				CLANG_WARN_UNREACHABLE_CODE = YES;
				CLANG_WARN__DUPLICATE_METHOD_MATCH = YES;
				COPY_PHASE_STRIP = NO;
				DEBUG_INFORMATION_FORMAT = dwarf;
				ENABLE_STRICT_OBJC_MSGSEND = YES;
				ENABLE_TESTABILITY = YES;
				GCC_C_LANGUAGE_STANDARD = gnu11;
				GCC_DYNAMIC_NO_PIC = NO;
				GCC_NO_COMMON_BLOCKS = YES;
				GCC_OPTIMIZATION_LEVEL = 0;
				GCC_PREPROCESSOR_DEFINITIONS = (
					"DEBUG=1",
					"$(inherited)",
				);
				GCC_WARN_64_TO_32_BIT_CONVERSION = YES;
				GCC_WARN_ABOUT_RETURN_TYPE = YES_ERROR;
				GCC_WARN_UNDECLARED_SELECTOR = YES;
				GCC_WARN_UNINITIALIZED_AUTOS = YES_AGGRESSIVE;
				GCC_WARN_UNUSED_FUNCTION = YES;
				GCC_WARN_UNUSED_VARIABLE = YES;
				MACOSX_DEPLOYMENT_TARGET = 11.1;
				MTL_ENABLE_DEBUG_INFO = INCLUDE_SOURCE;
				MTL_FAST_MATH = YES;
				ONLY_ACTIVE_ARCH = YES;
				SDKROOT = macosx;
				SWIFT_ACTIVE_COMPILATION_CONDITIONS = DEBUG;
				SWIFT_OPTIMIZATION_LEVEL = "-Onone";
			};
			name = Debug;
		};
		65C97C392608C18A00683AB9 /* Release */ = {
			isa = XCBuildConfiguration;
			buildSettings = {
				ALWAYS_SEARCH_USER_PATHS = NO;
				CLANG_ANALYZER_NONNULL = YES;
				CLANG_ANALYZER_NUMBER_OBJECT_CONVERSION = YES_AGGRESSIVE;
				CLANG_CXX_LANGUAGE_STANDARD = "gnu++14";
				CLANG_CXX_LIBRARY = "libc++";
				CLANG_ENABLE_MODULES = YES;
				CLANG_ENABLE_OBJC_ARC = YES;
				CLANG_ENABLE_OBJC_WEAK = YES;
				CLANG_WARN_BLOCK_CAPTURE_AUTORELEASING = YES;
				CLANG_WARN_BOOL_CONVERSION = YES;
				CLANG_WARN_COMMA = YES;
				CLANG_WARN_CONSTANT_CONVERSION = YES;
				CLANG_WARN_DEPRECATED_OBJC_IMPLEMENTATIONS = YES;
				CLANG_WARN_DIRECT_OBJC_ISA_USAGE = YES_ERROR;
				CLANG_WARN_DOCUMENTATION_COMMENTS = YES;
				CLANG_WARN_EMPTY_BODY = YES;
				CLANG_WARN_ENUM_CONVERSION = YES;
				CLANG_WARN_INFINITE_RECURSION = YES;
				CLANG_WARN_INT_CONVERSION = YES;
				CLANG_WARN_NON_LITERAL_NULL_CONVERSION = YES;
				CLANG_WARN_OBJC_IMPLICIT_RETAIN_SELF = YES;
				CLANG_WARN_OBJC_LITERAL_CONVERSION = YES;
				CLANG_WARN_OBJC_ROOT_CLASS = YES_ERROR;
				CLANG_WARN_QUOTED_INCLUDE_IN_FRAMEWORK_HEADER = YES;
				CLANG_WARN_RANGE_LOOP_ANALYSIS = YES;
				CLANG_WARN_STRICT_PROTOTYPES = YES;
				CLANG_WARN_SUSPICIOUS_MOVE = YES;
				CLANG_WARN_UNGUARDED_AVAILABILITY = YES_AGGRESSIVE;
				CLANG_WARN_UNREACHABLE_CODE = YES;
				CLANG_WARN__DUPLICATE_METHOD_MATCH = YES;
				COPY_PHASE_STRIP = NO;
				DEBUG_INFORMATION_FORMAT = "dwarf-with-dsym";
				ENABLE_NS_ASSERTIONS = NO;
				ENABLE_STRICT_OBJC_MSGSEND = YES;
				GCC_C_LANGUAGE_STANDARD = gnu11;
				GCC_NO_COMMON_BLOCKS = YES;
				GCC_WARN_64_TO_32_BIT_CONVERSION = YES;
				GCC_WARN_ABOUT_RETURN_TYPE = YES_ERROR;
				GCC_WARN_UNDECLARED_SELECTOR = YES;
				GCC_WARN_UNINITIALIZED_AUTOS = YES_AGGRESSIVE;
				GCC_WARN_UNUSED_FUNCTION = YES;
				GCC_WARN_UNUSED_VARIABLE = YES;
				MACOSX_DEPLOYMENT_TARGET = 11.1;
				MTL_ENABLE_DEBUG_INFO = NO;
				MTL_FAST_MATH = YES;
				SDKROOT = macosx;
				SWIFT_COMPILATION_MODE = wholemodule;
				SWIFT_OPTIMIZATION_LEVEL = "-O";
			};
			name = Release;
		};
		65C97C3B2608C18A00683AB9 /* Debug */ = {
			isa = XCBuildConfiguration;
			buildSettings = {
				ASSETCATALOG_COMPILER_APPICON_NAME = AppIcon;
				ASSETCATALOG_COMPILER_GLOBAL_ACCENT_COLOR_NAME = AccentColor;
				CODE_SIGN_ENTITLEMENTS = Swift54TypeCheckingRegressionTest/Swift54TypeCheckingRegressionTest.entitlements;
				CODE_SIGN_STYLE = Automatic;
				COMBINE_HIDPI_IMAGES = YES;
				DEVELOPMENT_TEAM = NDB5JK3DZG;
				ENABLE_HARDENED_RUNTIME = YES;
				INFOPLIST_FILE = Swift54TypeCheckingRegressionTest/Info.plist;
				LD_RUNPATH_SEARCH_PATHS = (
					"$(inherited)",
					"@executable_path/../Frameworks",
				);
				PRODUCT_BUNDLE_IDENTIFIER = de.danielalm.Swift54TypeCheckingRegressionTest;
				PRODUCT_NAME = "$(TARGET_NAME)";
				SWIFT_VERSION = 5.0;
			};
			name = Debug;
		};
		65C97C3C2608C18A00683AB9 /* Release */ = {
			isa = XCBuildConfiguration;
			buildSettings = {
				ASSETCATALOG_COMPILER_APPICON_NAME = AppIcon;
				ASSETCATALOG_COMPILER_GLOBAL_ACCENT_COLOR_NAME = AccentColor;
				CODE_SIGN_ENTITLEMENTS = Swift54TypeCheckingRegressionTest/Swift54TypeCheckingRegressionTest.entitlements;
				CODE_SIGN_STYLE = Automatic;
				COMBINE_HIDPI_IMAGES = YES;
				DEVELOPMENT_TEAM = NDB5JK3DZG;
				ENABLE_HARDENED_RUNTIME = YES;
				INFOPLIST_FILE = Swift54TypeCheckingRegressionTest/Info.plist;
				LD_RUNPATH_SEARCH_PATHS = (
					"$(inherited)",
					"@executable_path/../Frameworks",
				);
				PRODUCT_BUNDLE_IDENTIFIER = de.danielalm.Swift54TypeCheckingRegressionTest;
				PRODUCT_NAME = "$(TARGET_NAME)";
				SWIFT_VERSION = 5.0;
			};
			name = Release;
		};
		65C97C3E2608C18A00683AB9 /* Debug */ = {
			isa = XCBuildConfiguration;
			buildSettings = {
				ALWAYS_EMBED_SWIFT_STANDARD_LIBRARIES = YES;
				BUNDLE_LOADER = "$(TEST_HOST)";
				CODE_SIGN_STYLE = Automatic;
				COMBINE_HIDPI_IMAGES = YES;
				DEVELOPMENT_TEAM = NDB5JK3DZG;
				INFOPLIST_FILE = Swift54TypeCheckingRegressionTestTests/Info.plist;
				LD_RUNPATH_SEARCH_PATHS = (
					"$(inherited)",
					"@executable_path/../Frameworks",
					"@loader_path/../Frameworks",
				);
				MACOSX_DEPLOYMENT_TARGET = 11.1;
				PRODUCT_BUNDLE_IDENTIFIER = de.danielalm.Swift54TypeCheckingRegressionTestTests;
				PRODUCT_NAME = "$(TARGET_NAME)";
				SWIFT_VERSION = 5.0;
				TEST_HOST = "$(BUILT_PRODUCTS_DIR)/Swift54TypeCheckingRegressionTest.app/Contents/MacOS/Swift54TypeCheckingRegressionTest";
			};
			name = Debug;
		};
		65C97C3F2608C18A00683AB9 /* Release */ = {
			isa = XCBuildConfiguration;
			buildSettings = {
				ALWAYS_EMBED_SWIFT_STANDARD_LIBRARIES = YES;
				BUNDLE_LOADER = "$(TEST_HOST)";
				CODE_SIGN_STYLE = Automatic;
				COMBINE_HIDPI_IMAGES = YES;
				DEVELOPMENT_TEAM = NDB5JK3DZG;
				INFOPLIST_FILE = Swift54TypeCheckingRegressionTestTests/Info.plist;
				LD_RUNPATH_SEARCH_PATHS = (
					"$(inherited)",
					"@executable_path/../Frameworks",
					"@loader_path/../Frameworks",
				);
				MACOSX_DEPLOYMENT_TARGET = 11.1;
				PRODUCT_BUNDLE_IDENTIFIER = de.danielalm.Swift54TypeCheckingRegressionTestTests;
				PRODUCT_NAME = "$(TARGET_NAME)";
				SWIFT_VERSION = 5.0;
				TEST_HOST = "$(BUILT_PRODUCTS_DIR)/Swift54TypeCheckingRegressionTest.app/Contents/MacOS/Swift54TypeCheckingRegressionTest";
			};
			name = Release;
		};
		65C97C412608C18A00683AB9 /* Debug */ = {
			isa = XCBuildConfiguration;
			buildSettings = {
				ALWAYS_EMBED_SWIFT_STANDARD_LIBRARIES = YES;
				CODE_SIGN_STYLE = Automatic;
				COMBINE_HIDPI_IMAGES = YES;
				DEVELOPMENT_TEAM = NDB5JK3DZG;
				INFOPLIST_FILE = Swift54TypeCheckingRegressionTestUITests/Info.plist;
				LD_RUNPATH_SEARCH_PATHS = (
					"$(inherited)",
					"@executable_path/../Frameworks",
					"@loader_path/../Frameworks",
				);
				PRODUCT_BUNDLE_IDENTIFIER = de.danielalm.Swift54TypeCheckingRegressionTestUITests;
				PRODUCT_NAME = "$(TARGET_NAME)";
				SWIFT_VERSION = 5.0;
				TEST_TARGET_NAME = Swift54TypeCheckingRegressionTest;
			};
			name = Debug;
		};
		65C97C422608C18A00683AB9 /* Release */ = {
			isa = XCBuildConfiguration;
			buildSettings = {
				ALWAYS_EMBED_SWIFT_STANDARD_LIBRARIES = YES;
				CODE_SIGN_STYLE = Automatic;
				COMBINE_HIDPI_IMAGES = YES;
				DEVELOPMENT_TEAM = NDB5JK3DZG;
				INFOPLIST_FILE = Swift54TypeCheckingRegressionTestUITests/Info.plist;
				LD_RUNPATH_SEARCH_PATHS = (
					"$(inherited)",
					"@executable_path/../Frameworks",
					"@loader_path/../Frameworks",
				);
				PRODUCT_BUNDLE_IDENTIFIER = de.danielalm.Swift54TypeCheckingRegressionTestUITests;
				PRODUCT_NAME = "$(TARGET_NAME)";
				SWIFT_VERSION = 5.0;
				TEST_TARGET_NAME = Swift54TypeCheckingRegressionTest;
			};
			name = Release;
		};
/* End XCBuildConfiguration section */

/* Begin XCConfigurationList section */
		65C97C0F2608C18900683AB9 /* Build configuration list for PBXProject "Swift54TypeCheckingRegressionTest" */ = {
			isa = XCConfigurationList;
			buildConfigurations = (
				65C97C382608C18A00683AB9 /* Debug */,
				65C97C392608C18A00683AB9 /* Release */,
			);
			defaultConfigurationIsVisible = 0;
			defaultConfigurationName = Release;
		};
		65C97C3A2608C18A00683AB9 /* Build configuration list for PBXNativeTarget "Swift54TypeCheckingRegressionTest" */ = {
			isa = XCConfigurationList;
			buildConfigurations = (
				65C97C3B2608C18A00683AB9 /* Debug */,
				65C97C3C2608C18A00683AB9 /* Release */,
			);
			defaultConfigurationIsVisible = 0;
			defaultConfigurationName = Release;
		};
		65C97C3D2608C18A00683AB9 /* Build configuration list for PBXNativeTarget "Swift54TypeCheckingRegressionTestTests" */ = {
			isa = XCConfigurationList;
			buildConfigurations = (
				65C97C3E2608C18A00683AB9 /* Debug */,
				65C97C3F2608C18A00683AB9 /* Release */,
			);
			defaultConfigurationIsVisible = 0;
			defaultConfigurationName = Release;
		};
		65C97C402608C18A00683AB9 /* Build configuration list for PBXNativeTarget "Swift54TypeCheckingRegressionTestUITests" */ = {
			isa = XCConfigurationList;
			buildConfigurations = (
				65C97C412608C18A00683AB9 /* Debug */,
				65C97C422608C18A00683AB9 /* Release */,
			);
			defaultConfigurationIsVisible = 0;
			defaultConfigurationName = Release;
		};
/* End XCConfigurationList section */
	};
	rootObject = 65C97C0C2608C18900683AB9 /* Project object */;
}
